{
  "originHash" : "b72b3e062f9a02adf271e9017d92c70995e20014524162352ec07aa84ef85958",
  "pins" : [
    {
      "identity" : "biguipaging",
      "kind" : "remoteSourceControl",
      "location" : "https://github.com/notsobigcompany/BigUIPaging.git",
      "state" : {
        "revision" : "40fa6e1683bd47b962e216c05377bfd1b8f760de",
        "version" : "0.0.3"
      }
    }
  ],
  "version" : 3
}
